// !$*UTF8*$!
{
	archiveVersion = 1;
	classes = {
	};
	objectVersion = 55;
	objects = {

/* Begin PBXBuildFile section */
		0A88A56A09EE5CF6596ADC78 /* Pods_ClimaApp.framework in Frameworks */ = {isa = PBXBuildFile; fileRef = 521D89AA55D3A3FC7A5B5526 /* Pods_ClimaApp.framework */; };
		A09A272D280088D600F6CBAE /* AppDelegate.swift in Sources */ = {isa = PBXBuildFile; fileRef = A09A272C280088D600F6CBAE /* AppDelegate.swift */; };
		A09A272F280088D600F6CBAE /* SceneDelegate.swift in Sources */ = {isa = PBXBuildFile; fileRef = A09A272E280088D600F6CBAE /* SceneDelegate.swift */; };
		A09A2731280088D600F6CBAE /* HomeViewController.swift in Sources */ = {isa = PBXBuildFile; fileRef = A09A2730280088D600F6CBAE /* HomeViewController.swift */; };
		A09A2734280088D600F6CBAE /* Main.storyboard in Resources */ = {isa = PBXBuildFile; fileRef = A09A2732280088D600F6CBAE /* Main.storyboard */; };
		A09A2736280088D600F6CBAE /* Assets.xcassets in Resources */ = {isa = PBXBuildFile; fileRef = A09A2735280088D600F6CBAE /* Assets.xcassets */; };
		A09A2739280088D600F6CBAE /* LaunchScreen.storyboard in Resources */ = {isa = PBXBuildFile; fileRef = A09A2737280088D600F6CBAE /* LaunchScreen.storyboard */; };
		A09A27452800914600F6CBAE /* APIError.swift in Sources */ = {isa = PBXBuildFile; fileRef = A09A27442800914600F6CBAE /* APIError.swift */; };
		A09A27472800916100F6CBAE /* APIClimaStruct.swift in Sources */ = {isa = PBXBuildFile; fileRef = A09A27462800916100F6CBAE /* APIClimaStruct.swift */; };
		A09A2749280091A600F6CBAE /* APIClima.swift in Sources */ = {isa = PBXBuildFile; fileRef = A09A2748280091A600F6CBAE /* APIClima.swift */; };
		A09A274C280092D900F6CBAE /* Clima.swift in Sources */ = {isa = PBXBuildFile; fileRef = A09A274B280092D900F6CBAE /* Clima.swift */; };
/* End PBXBuildFile section */

/* Begin PBXFileReference section */
		093BAFF8D27C790390F26BC0 /* Pods-ClimaApp.debug.xcconfig */ = {isa = PBXFileReference; includeInIndex = 1; lastKnownFileType = text.xcconfig; name = "Pods-ClimaApp.debug.xcconfig"; path = "Target Support Files/Pods-ClimaApp/Pods-ClimaApp.debug.xcconfig"; sourceTree = "<group>"; };
		521D89AA55D3A3FC7A5B5526 /* Pods_ClimaApp.framework */ = {isa = PBXFileReference; explicitFileType = wrapper.framework; includeInIndex = 0; path = Pods_ClimaApp.framework; sourceTree = BUILT_PRODUCTS_DIR; };
		5D419AEB61B71752F47D6053 /* Pods-ClimaApp.release.xcconfig */ = {isa = PBXFileReference; includeInIndex = 1; lastKnownFileType = text.xcconfig; name = "Pods-ClimaApp.release.xcconfig"; path = "Target Support Files/Pods-ClimaApp/Pods-ClimaApp.release.xcconfig"; sourceTree = "<group>"; };
		A09A2729280088D600F6CBAE /* ClimaApp.app */ = {isa = PBXFileReference; explicitFileType = wrapper.application; includeInIndex = 0; path = ClimaApp.app; sourceTree = BUILT_PRODUCTS_DIR; };
		A09A272C280088D600F6CBAE /* AppDelegate.swift */ = {isa = PBXFileReference; lastKnownFileType = sourcecode.swift; path = AppDelegate.swift; sourceTree = "<group>"; };
		A09A272E280088D600F6CBAE /* SceneDelegate.swift */ = {isa = PBXFileReference; lastKnownFileType = sourcecode.swift; path = SceneDelegate.swift; sourceTree = "<group>"; };
		A09A2730280088D600F6CBAE /* HomeViewController.swift */ = {isa = PBXFileReference; lastKnownFileType = sourcecode.swift; path = HomeViewController.swift; sourceTree = "<group>"; };
		A09A2733280088D600F6CBAE /* Base */ = {isa = PBXFileReference; lastKnownFileType = file.storyboard; name = Base; path = Base.lproj/Main.storyboard; sourceTree = "<group>"; };
		A09A2735280088D600F6CBAE /* Assets.xcassets */ = {isa = PBXFileReference; lastKnownFileType = folder.assetcatalog; path = Assets.xcassets; sourceTree = "<group>"; };
		A09A2738280088D600F6CBAE /* Base */ = {isa = PBXFileReference; lastKnownFileType = file.storyboard; name = Base; path = Base.lproj/LaunchScreen.storyboard; sourceTree = "<group>"; };
		A09A273A280088D600F6CBAE /* Info.plist */ = {isa = PBXFileReference; lastKnownFileType = text.plist.xml; path = Info.plist; sourceTree = "<group>"; };
		A09A27442800914600F6CBAE /* APIError.swift */ = {isa = PBXFileReference; lastKnownFileType = sourcecode.swift; path = APIError.swift; sourceTree = "<group>"; };
		A09A27462800916100F6CBAE /* APIClimaStruct.swift */ = {isa = PBXFileReference; lastKnownFileType = sourcecode.swift; path = APIClimaStruct.swift; sourceTree = "<group>"; };
		A09A2748280091A600F6CBAE /* APIClima.swift */ = {isa = PBXFileReference; lastKnownFileType = sourcecode.swift; path = APIClima.swift; sourceTree = "<group>"; };
		A09A274B280092D900F6CBAE /* Clima.swift */ = {isa = PBXFileReference; lastKnownFileType = sourcecode.swift; path = Clima.swift; sourceTree = "<group>"; };
/* End PBXFileReference section */

/* Begin PBXFrameworksBuildPhase section */
		A09A2726280088D600F6CBAE /* Frameworks */ = {
			isa = PBXFrameworksBuildPhase;
			buildActionMask = 2147483647;
			files = (
				0A88A56A09EE5CF6596ADC78 /* Pods_ClimaApp.framework in Frameworks */,
			);
			runOnlyForDeploymentPostprocessing = 0;
		};
/* End PBXFrameworksBuildPhase section */

/* Begin PBXGroup section */
		408FCE84E38C515517E7ADFA /* Frameworks */ = {
			isa = PBXGroup;
			children = (
				521D89AA55D3A3FC7A5B5526 /* Pods_ClimaApp.framework */,
			);
			name = Frameworks;
			sourceTree = "<group>";
		};
		8DB4334A679B59730C7B2F47 /* Pods */ = {
			isa = PBXGroup;
			children = (
				093BAFF8D27C790390F26BC0 /* Pods-ClimaApp.debug.xcconfig */,
				5D419AEB61B71752F47D6053 /* Pods-ClimaApp.release.xcconfig */,
			);
			path = Pods;
			sourceTree = "<group>";
		};
		A09A2720280088D600F6CBAE = {
			isa = PBXGroup;
			children = (
				A09A272B280088D600F6CBAE /* ClimaApp */,
				A09A272A280088D600F6CBAE /* Products */,
				8DB4334A679B59730C7B2F47 /* Pods */,
				408FCE84E38C515517E7ADFA /* Frameworks */,
			);
			sourceTree = "<group>";
		};
		A09A272A280088D600F6CBAE /* Products */ = {
			isa = PBXGroup;
			children = (
				A09A2729280088D600F6CBAE /* ClimaApp.app */,
			);
			name = Products;
			sourceTree = "<group>";
		};
		A09A272B280088D600F6CBAE /* ClimaApp */ = {
			isa = PBXGroup;
			children = (
				A09A274A280092CF00F6CBAE /* Model */,
				A09A2741280090ED00F6CBAE /* APIs */,
				A09A27402800896200F6CBAE /* Home */,
				A09A272C280088D600F6CBAE /* AppDelegate.swift */,
				A09A272E280088D600F6CBAE /* SceneDelegate.swift */,
				A09A2735280088D600F6CBAE /* Assets.xcassets */,
				A09A2737280088D600F6CBAE /* LaunchScreen.storyboard */,
				A09A273A280088D600F6CBAE /* Info.plist */,
			);
			path = ClimaApp;
			sourceTree = "<group>";
		};
		A09A27402800896200F6CBAE /* Home */ = {
			isa = PBXGroup;
			children = (
				A09A2730280088D600F6CBAE /* HomeViewController.swift */,
				A09A2732280088D600F6CBAE /* Main.storyboard */,
			);
			path = Home;
			sourceTree = "<group>";
		};
		A09A2741280090ED00F6CBAE /* APIs */ = {
			isa = PBXGroup;
			children = (
				A09A27442800914600F6CBAE /* APIError.swift */,
				A09A27462800916100F6CBAE /* APIClimaStruct.swift */,
				A09A2748280091A600F6CBAE /* APIClima.swift */,
			);
			path = APIs;
			sourceTree = "<group>";
		};
		A09A274A280092CF00F6CBAE /* Model */ = {
			isa = PBXGroup;
			children = (
				A09A274B280092D900F6CBAE /* Clima.swift */,
			);
			path = Model;
			sourceTree = "<group>";
		};
/* End PBXGroup section */

/* Begin PBXNativeTarget section */
		A09A2728280088D600F6CBAE /* ClimaApp */ = {
			isa = PBXNativeTarget;
			buildConfigurationList = A09A273D280088D600F6CBAE /* Build configuration list for PBXNativeTarget "ClimaApp" */;
			buildPhases = (
				FA0FEA005331DA3041538950 /* [CP] Check Pods Manifest.lock */,
				A09A2725280088D600F6CBAE /* Sources */,
				A09A2726280088D600F6CBAE /* Frameworks */,
				A09A2727280088D600F6CBAE /* Resources */,
				B44CDBC2A988CA64ED0D8802 /* [CP] Embed Pods Frameworks */,
			);
			buildRules = (
			);
			dependencies = (
			);
			name = ClimaApp;
			productName = ClimaApp;
			productReference = A09A2729280088D600F6CBAE /* ClimaApp.app */;
			productType = "com.apple.product-type.application";
		};
/* End PBXNativeTarget section */

/* Begin PBXProject section */
		A09A2721280088D600F6CBAE /* Project object */ = {
			isa = PBXProject;
			attributes = {
				BuildIndependentTargetsInParallel = 1;
				LastSwiftUpdateCheck = 1330;
				LastUpgradeCheck = 1330;
				TargetAttributes = {
					A09A2728280088D600F6CBAE = {
						CreatedOnToolsVersion = 13.3;
					};
				};
			};
			buildConfigurationList = A09A2724280088D600F6CBAE /* Build configuration list for PBXProject "ClimaApp" */;
			compatibilityVersion = "Xcode 13.0";
			developmentRegion = en;
			hasScannedForEncodings = 0;
			knownRegions = (
				en,
				Base,
			);
			mainGroup = A09A2720280088D600F6CBAE;
			productRefGroup = A09A272A280088D600F6CBAE /* Products */;
			projectDirPath = "";
			projectRoot = "";
			targets = (
				A09A2728280088D600F6CBAE /* ClimaApp */,
			);
		};
/* End PBXProject section */

/* Begin PBXResourcesBuildPhase section */
		A09A2727280088D600F6CBAE /* Resources */ = {
			isa = PBXResourcesBuildPhase;
			buildActionMask = 2147483647;
			files = (
				A09A2739280088D600F6CBAE /* LaunchScreen.storyboard in Resources */,
				A09A2736280088D600F6CBAE /* Assets.xcassets in Resources */,
				A09A2734280088D600F6CBAE /* Main.storyboard in Resources */,
			);
			runOnlyForDeploymentPostprocessing = 0;
		};
/* End PBXResourcesBuildPhase section */

/* Begin PBXShellScriptBuildPhase section */
		B44CDBC2A988CA64ED0D8802 /* [CP] Embed Pods Frameworks */ = {
			isa = PBXShellScriptBuildPhase;
			buildActionMask = 2147483647;
			files = (
			);
			inputFileListPaths = (
				"${PODS_ROOT}/Target Support Files/Pods-ClimaApp/Pods-ClimaApp-frameworks-${CONFIGURATION}-input-files.xcfilelist",
			);
			name = "[CP] Embed Pods Frameworks";
			outputFileListPaths = (
				"${PODS_ROOT}/Target Support Files/Pods-ClimaApp/Pods-ClimaApp-frameworks-${CONFIGURATION}-output-files.xcfilelist",
			);
			runOnlyForDeploymentPostprocessing = 0;
			shellPath = /bin/sh;
			shellScript = "\"${PODS_ROOT}/Target Support Files/Pods-ClimaApp/Pods-ClimaApp-frameworks.sh\"\n";
			showEnvVarsInLog = 0;
		};
		FA0FEA005331DA3041538950 /* [CP] Check Pods Manifest.lock */ = {
			isa = PBXShellScriptBuildPhase;
			buildActionMask = 2147483647;
			files = (
			);
			inputFileListPaths = (
			);
			inputPaths = (
				"${PODS_PODFILE_DIR_PATH}/Podfile.lock",
				"${PODS_ROOT}/Manifest.lock",
			);
			name = "[CP] Check Pods Manifest.lock";
			outputFileListPaths = (
			);
			outputPaths = (
				"$(DERIVED_FILE_DIR)/Pods-ClimaApp-checkManifestLockResult.txt",
			);
			runOnlyForDeploymentPostprocessing = 0;
			shellPath = /bin/sh;
			shellScript = "diff \"${PODS_PODFILE_DIR_PATH}/Podfile.lock\" \"${PODS_ROOT}/Manifest.lock\" > /dev/null\nif [ $? != 0 ] ; then\n    # print error to STDERR\n    echo \"error: The sandbox is not in sync with the Podfile.lock. Run 'pod install' or update your CocoaPods installation.\" >&2\n    exit 1\nfi\n# This output is used by Xcode 'outputs' to avoid re-running this script phase.\necho \"SUCCESS\" > \"${SCRIPT_OUTPUT_FILE_0}\"\n";
			showEnvVarsInLog = 0;
		};
/* End PBXShellScriptBuildPhase section */

/* Begin PBXSourcesBuildPhase section */
		A09A2725280088D600F6CBAE /* Sources */ = {
			isa = PBXSourcesBuildPhase;
			buildActionMask = 2147483647;
			files = (
				A09A2731280088D600F6CBAE /* HomeViewController.swift in Sources */,
				A09A272D280088D600F6CBAE /* AppDelegate.swift in Sources */,
				A09A27452800914600F6CBAE /* APIError.swift in Sources */,
				A09A27472800916100F6CBAE /* APIClimaStruct.swift in Sources */,
				A09A272F280088D600F6CBAE /* SceneDelegate.swift in Sources */,
				A09A274C280092D900F6CBAE /* Clima.swift in Sources */,
				A09A2749280091A600F6CBAE /* APIClima.swift in Sources */,
			);
			runOnlyForDeploymentPostprocessing = 0;
		};
/* End PBXSourcesBuildPhase section */

/* Begin PBXVariantGroup section */
		A09A2732280088D600F6CBAE /* Main.storyboard */ = {
			isa = PBXVariantGroup;
			children = (
				A09A2733280088D600F6CBAE /* Base */,
			);
			name = Main.storyboard;
			sourceTree = "<group>";
		};
		A09A2737280088D600F6CBAE /* LaunchScreen.storyboard */ = {
			isa = PBXVariantGroup;
			children = (
				A09A2738280088D600F6CBAE /* Base */,
			);
			name = LaunchScreen.storyboard;
			sourceTree = "<group>";
		};
/* End PBXVariantGroup section */

/* Begin XCBuildConfiguration section */
		A09A273B280088D600F6CBAE /* Debug */ = {
			isa = XCBuildConfiguration;
			buildSettings = {
				ALWAYS_SEARCH_USER_PATHS = NO;
				CLANG_ANALYZER_NONNULL = YES;
				CLANG_ANALYZER_NUMBER_OBJECT_CONVERSION = YES_AGGRESSIVE;
				CLANG_CXX_LANGUAGE_STANDARD = "gnu++17";
				CLANG_ENABLE_MODULES = YES;
				CLANG_ENABLE_OBJC_ARC = YES;
				CLANG_ENABLE_OBJC_WEAK = YES;
				CLANG_WARN_BLOCK_CAPTURE_AUTORELEASING = YES;
				CLANG_WARN_BOOL_CONVERSION = YES;
				CLANG_WARN_COMMA = YES;
				CLANG_WARN_CONSTANT_CONVERSION = YES;
				CLANG_WARN_DEPRECATED_OBJC_IMPLEMENTATIONS = YES;
				CLANG_WARN_DIRECT_OBJC_ISA_USAGE = YES_ERROR;
				CLANG_WARN_DOCUMENTATION_COMMENTS = YES;
				CLANG_WARN_EMPTY_BODY = YES;
				CLANG_WARN_ENUM_CONVERSION = YES;
				CLANG_WARN_INFINITE_RECURSION = YES;
				CLANG_WARN_INT_CONVERSION = YES;
				CLANG_WARN_NON_LITERAL_NULL_CONVERSION = YES;
				CLANG_WARN_OBJC_IMPLICIT_RETAIN_SELF = YES;
				CLANG_WARN_OBJC_LITERAL_CONVERSION = YES;
				CLANG_WARN_OBJC_ROOT_CLASS = YES_ERROR;
				CLANG_WARN_QUOTED_INCLUDE_IN_FRAMEWORK_HEADER = YES;
				CLANG_WARN_RANGE_LOOP_ANALYSIS = YES;
				CLANG_WARN_STRICT_PROTOTYPES = YES;
				CLANG_WARN_SUSPICIOUS_MOVE = YES;
				CLANG_WARN_UNGUARDED_AVAILABILITY = YES_AGGRESSIVE;
				CLANG_WARN_UNREACHABLE_CODE = YES;
				CLANG_WARN__DUPLICATE_METHOD_MATCH = YES;
				COPY_PHASE_STRIP = NO;
				DEBUG_INFORMATION_FORMAT = dwarf;
				ENABLE_STRICT_OBJC_MSGSEND = YES;
				ENABLE_TESTABILITY = YES;
				GCC_C_LANGUAGE_STANDARD = gnu11;
				GCC_DYNAMIC_NO_PIC = NO;
				GCC_NO_COMMON_BLOCKS = YES;
				GCC_OPTIMIZATION_LEVEL = 0;
				GCC_PREPROCESSOR_DEFINITIONS = (
					"DEBUG=1",
					"$(inherited)",
				);
				GCC_WARN_64_TO_32_BIT_CONVERSION = YES;
				GCC_WARN_ABOUT_RETURN_TYPE = YES_ERROR;
				GCC_WARN_UNDECLARED_SELECTOR = YES;
				GCC_WARN_UNINITIALIZED_AUTOS = YES_AGGRESSIVE;
				GCC_WARN_UNUSED_FUNCTION = YES;
				GCC_WARN_UNUSED_VARIABLE = YES;
				IPHONEOS_DEPLOYMENT_TARGET = 15.4;
				MTL_ENABLE_DEBUG_INFO = INCLUDE_SOURCE;
				MTL_FAST_MATH = YES;
				ONLY_ACTIVE_ARCH = YES;
				SDKROOT = iphoneos;
				SWIFT_ACTIVE_COMPILATION_CONDITIONS = DEBUG;
				SWIFT_OPTIMIZATION_LEVEL = "-Onone";
			};
			name = Debug;
		};
		A09A273C280088D600F6CBAE /* Release */ = {
			isa = XCBuildConfiguration;
			buildSettings = {
				ALWAYS_SEARCH_USER_PATHS = NO;
				CLANG_ANALYZER_NONNULL = YES;
				CLANG_ANALYZER_NUMBER_OBJECT_CONVERSION = YES_AGGRESSIVE;
				CLANG_CXX_LANGUAGE_STANDARD = "gnu++17";
				CLANG_ENABLE_MODULES = YES;
				CLANG_ENABLE_OBJC_ARC = YES;
				CLANG_ENABLE_OBJC_WEAK = YES;
				CLANG_WARN_BLOCK_CAPTURE_AUTORELEASING = YES;
				CLANG_WARN_BOOL_CONVERSION = YES;
				CLANG_WARN_COMMA = YES;
				CLANG_WARN_CONSTANT_CONVERSION = YES;
				CLANG_WARN_DEPRECATED_OBJC_IMPLEMENTATIONS = YES;
				CLANG_WARN_DIRECT_OBJC_ISA_USAGE = YES_ERROR;
				CLANG_WARN_DOCUMENTATION_COMMENTS = YES;
				CLANG_WARN_EMPTY_BODY = YES;
				CLANG_WARN_ENUM_CONVERSION = YES;
				CLANG_WARN_INFINITE_RECURSION = YES;
				CLANG_WARN_INT_CONVERSION = YES;
				CLANG_WARN_NON_LITERAL_NULL_CONVERSION = YES;
				CLANG_WARN_OBJC_IMPLICIT_RETAIN_SELF = YES;
				CLANG_WARN_OBJC_LITERAL_CONVERSION = YES;
				CLANG_WARN_OBJC_ROOT_CLASS = YES_ERROR;
				CLANG_WARN_QUOTED_INCLUDE_IN_FRAMEWORK_HEADER = YES;
				CLANG_WARN_RANGE_LOOP_ANALYSIS = YES;
				CLANG_WARN_STRICT_PROTOTYPES = YES;
				CLANG_WARN_SUSPICIOUS_MOVE = YES;
				CLANG_WARN_UNGUARDED_AVAILABILITY = YES_AGGRESSIVE;
				CLANG_WARN_UNREACHABLE_CODE = YES;
				CLANG_WARN__DUPLICATE_METHOD_MATCH = YES;
				COPY_PHASE_STRIP = NO;
				DEBUG_INFORMATION_FORMAT = "dwarf-with-dsym";
				ENABLE_NS_ASSERTIONS = NO;
				ENABLE_STRICT_OBJC_MSGSEND = YES;
				GCC_C_LANGUAGE_STANDARD = gnu11;
				GCC_NO_COMMON_BLOCKS = YES;
				GCC_WARN_64_TO_32_BIT_CONVERSION = YES;
				GCC_WARN_ABOUT_RETURN_TYPE = YES_ERROR;
				GCC_WARN_UNDECLARED_SELECTOR = YES;
				GCC_WARN_UNINITIALIZED_AUTOS = YES_AGGRESSIVE;
				GCC_WARN_UNUSED_FUNCTION = YES;
				GCC_WARN_UNUSED_VARIABLE = YES;
				IPHONEOS_DEPLOYMENT_TARGET = 15.4;
				MTL_ENABLE_DEBUG_INFO = NO;
				MTL_FAST_MATH = YES;
				SDKROOT = iphoneos;
				SWIFT_COMPILATION_MODE = wholemodule;
				SWIFT_OPTIMIZATION_LEVEL = "-O";
				VALIDATE_PRODUCT = YES;
			};
			name = Release;
		};
		A09A273E280088D600F6CBAE /* Debug */ = {
			isa = XCBuildConfiguration;
			baseConfigurationReference = 093BAFF8D27C790390F26BC0 /* Pods-ClimaApp.debug.xcconfig */;
			buildSettings = {
				ASSETCATALOG_COMPILER_APPICON_NAME = AppIcon;
				ASSETCATALOG_COMPILER_GLOBAL_ACCENT_COLOR_NAME = AccentColor;
				CODE_SIGN_STYLE = Automatic;
				CURRENT_PROJECT_VERSION = 1;
				DEVELOPMENT_TEAM = WXG85PBJ5G;
				GENERATE_INFOPLIST_FILE = YES;
				INFOPLIST_FILE = ClimaApp/Info.plist;
				INFOPLIST_KEY_UIApplicationSupportsIndirectInputEvents = YES;
				INFOPLIST_KEY_UILaunchStoryboardName = LaunchScreen;
				INFOPLIST_KEY_UIMainStoryboardFile = Main;
				INFOPLIST_KEY_UISupportedInterfaceOrientations_iPad = "UIInterfaceOrientationPortrait UIInterfaceOrientationPortraitUpsideDown UIInterfaceOrientationLandscapeLeft UIInterfaceOrientationLandscapeRight";
				INFOPLIST_KEY_UISupportedInterfaceOrientations_iPhone = "UIInterfaceOrientationPortrait UIInterfaceOrientationLandscapeLeft UIInterfaceOrientationLandscapeRight";
				LD_RUNPATH_SEARCH_PATHS = (
					"$(inherited)",
					"@executable_path/Frameworks",
				);
				MARKETING_VERSION = 1.0;
				PRODUCT_BUNDLE_IDENTIFIER = ar.com.flaminia.ClimaApp;
				PRODUCT_NAME = "$(TARGET_NAME)";
				SWIFT_EMIT_LOC_STRINGS = YES;
				SWIFT_VERSION = 5.0;
				TARGETED_DEVICE_FAMILY = "1,2";
			};
			name = Debug;
		};
		A09A273F280088D600F6CBAE /* Release */ = {
			isa = XCBuildConfiguration;
			baseConfigurationReference = 5D419AEB61B71752F47D6053 /* Pods-ClimaApp.release.xcconfig */;
			buildSettings = {
				ASSETCATALOG_COMPILER_APPICON_NAME = AppIcon;
				ASSETCATALOG_COMPILER_GLOBAL_ACCENT_COLOR_NAME = AccentColor;
				CODE_SIGN_STYLE = Automatic;
				CURRENT_PROJECT_VERSION = 1;
				DEVELOPMENT_TEAM = WXG85PBJ5G;
				GENERATE_INFOPLIST_FILE = YES;
				INFOPLIST_FILE = ClimaApp/Info.plist;
				INFOPLIST_KEY_UIApplicationSupportsIndirectInputEvents = YES;
				INFOPLIST_KEY_UILaunchStoryboardName = LaunchScreen;
				INFOPLIST_KEY_UIMainStoryboardFile = Main;
				INFOPLIST_KEY_UISupportedInterfaceOrientations_iPad = "UIInterfaceOrientationPortrait UIInterfaceOrientationPortraitUpsideDown UIInterfaceOrientationLandscapeLeft UIInterfaceOrientationLandscapeRight";
				INFOPLIST_KEY_UISupportedInterfaceOrientations_iPhone = "UIInterfaceOrientationPortrait UIInterfaceOrientationLandscapeLeft UIInterfaceOrientationLandscapeRight";
				LD_RUNPATH_SEARCH_PATHS = (
					"$(inherited)",
					"@executable_path/Frameworks",
				);
				MARKETING_VERSION = 1.0;
				PRODUCT_BUNDLE_IDENTIFIER = ar.com.flaminia.ClimaApp;
				PRODUCT_NAME = "$(TARGET_NAME)";
				SWIFT_EMIT_LOC_STRINGS = YES;
				SWIFT_VERSION = 5.0;
				TARGETED_DEVICE_FAMILY = "1,2";
			};
			name = Release;
		};
/* End XCBuildConfiguration section */

/* Begin XCConfigurationList section */
		A09A2724280088D600F6CBAE /* Build configuration list for PBXProject "ClimaApp" */ = {
			isa = XCConfigurationList;
			buildConfigurations = (
				A09A273B280088D600F6CBAE /* Debug */,
				A09A273C280088D600F6CBAE /* Release */,
			);
			defaultConfigurationIsVisible = 0;
			defaultConfigurationName = Release;
		};
		A09A273D280088D600F6CBAE /* Build configuration list for PBXNativeTarget "ClimaApp" */ = {
			isa = XCConfigurationList;
			buildConfigurations = (
				A09A273E280088D600F6CBAE /* Debug */,
				A09A273F280088D600F6CBAE /* Release */,
			);
			defaultConfigurationIsVisible = 0;
			defaultConfigurationName = Release;
		};
/* End XCConfigurationList section */
	};
	rootObject = A09A2721280088D600F6CBAE /* Project object */;
}
